// !$*UTF8*$!
{
	archiveVersion = 1;
	classes = {
	};
	objectVersion = 77;
	objects = {

/* Begin PBXBuildFile section */
		4B8C22CC2DAC09DE001D208E /* Kingfisher in Frameworks */ = {isa = PBXBuildFile; productRef = 4B8C22CB2DAC09DE001D208E /* Kingfisher */; };
		4B8C23B12DAFF6AD001D208E /* swiftlint.yml in Resources */ = {isa = PBXBuildFile; fileRef = 4B8C23B02DAFF6AD001D208E /* swiftlint.yml */; };
/* End PBXBuildFile section */

/* Begin PBXContainerItemProxy section */
		4B8C21C92DA97E10001D208E /* PBXContainerItemProxy */ = {
			isa = PBXContainerItemProxy;
			containerPortal = 4B8C21AD2DA97E0F001D208E /* Project object */;
			proxyType = 1;
			remoteGlobalIDString = 4B8C21B42DA97E0F001D208E;
			remoteInfo = MoviesProject;
		};
		4B8C21D32DA97E10001D208E /* PBXContainerItemProxy */ = {
			isa = PBXContainerItemProxy;
			containerPortal = 4B8C21AD2DA97E0F001D208E /* Project object */;
			proxyType = 1;
			remoteGlobalIDString = 4B8C21B42DA97E0F001D208E;
			remoteInfo = MoviesProject;
		};
/* End PBXContainerItemProxy section */

/* Begin PBXFileReference section */
		4B8C21B52DA97E0F001D208E /* MoviesProject.app */ = {isa = PBXFileReference; explicitFileType = wrapper.application; includeInIndex = 0; path = MoviesProject.app; sourceTree = BUILT_PRODUCTS_DIR; };
		4B8C21C82DA97E10001D208E /* MoviesProjectTests.xctest */ = {isa = PBXFileReference; explicitFileType = wrapper.cfbundle; includeInIndex = 0; path = MoviesProjectTests.xctest; sourceTree = BUILT_PRODUCTS_DIR; };
		4B8C21D22DA97E10001D208E /* MoviesProjectUITests.xctest */ = {isa = PBXFileReference; explicitFileType = wrapper.cfbundle; includeInIndex = 0; path = MoviesProjectUITests.xctest; sourceTree = BUILT_PRODUCTS_DIR; };
		4B8C23B02DAFF6AD001D208E /* swiftlint.yml */ = {isa = PBXFileReference; lastKnownFileType = text.yaml; path = swiftlint.yml; sourceTree = "<group>"; };
/* End PBXFileReference section */

/* Begin PBXFileSystemSynchronizedBuildFileExceptionSet section */
		4B8C22492DAA9177001D208E /* Exceptions for "MoviesProject" folder in "MoviesProject" target */ = {
			isa = PBXFileSystemSynchronizedBuildFileExceptionSet;
			membershipExceptions = (
				Info.plist,
			);
			target = 4B8C21B42DA97E0F001D208E /* MoviesProject */;
		};
/* End PBXFileSystemSynchronizedBuildFileExceptionSet section */

/* Begin PBXFileSystemSynchronizedRootGroup section */
		4B8C21B72DA97E0F001D208E /* MoviesProject */ = {
			isa = PBXFileSystemSynchronizedRootGroup;
			exceptions = (
				4B8C22492DAA9177001D208E /* Exceptions for "MoviesProject" folder in "MoviesProject" target */,
			);
			path = MoviesProject;
			sourceTree = "<group>";
		};
		4B8C21CB2DA97E10001D208E /* MoviesProjectTests */ = {
			isa = PBXFileSystemSynchronizedRootGroup;
			path = MoviesProjectTests;
			sourceTree = "<group>";
		};
		4B8C21D52DA97E10001D208E /* MoviesProjectUITests */ = {
			isa = PBXFileSystemSynchronizedRootGroup;
			path = MoviesProjectUITests;
			sourceTree = "<group>";
		};
/* End PBXFileSystemSynchronizedRootGroup section */

/* Begin PBXFrameworksBuildPhase section */
		4B8C21B22DA97E0F001D208E /* Frameworks */ = {
			isa = PBXFrameworksBuildPhase;
			buildActionMask = 2147483647;
			files = (
				4B8C22CC2DAC09DE001D208E /* Kingfisher in Frameworks */,
			);
			runOnlyForDeploymentPostprocessing = 0;
		};
		4B8C21C52DA97E10001D208E /* Frameworks */ = {
			isa = PBXFrameworksBuildPhase;
			buildActionMask = 2147483647;
			files = (
			);
			runOnlyForDeploymentPostprocessing = 0;
		};
		4B8C21CF2DA97E10001D208E /* Frameworks */ = {
			isa = PBXFrameworksBuildPhase;
			buildActionMask = 2147483647;
			files = (
			);
			runOnlyForDeploymentPostprocessing = 0;
		};
/* End PBXFrameworksBuildPhase section */

/* Begin PBXGroup section */
		4B8C21AC2DA97E0F001D208E = {
			isa = PBXGroup;
			children = (
				4B8C23B02DAFF6AD001D208E /* swiftlint.yml */,
				4B8C21B72DA97E0F001D208E /* MoviesProject */,
				4B8C21CB2DA97E10001D208E /* MoviesProjectTests */,
				4B8C21D52DA97E10001D208E /* MoviesProjectUITests */,
				4B8C22122DA994E2001D208E /* Frameworks */,
				4B8C21B62DA97E0F001D208E /* Products */,
			);
			sourceTree = "<group>";
		};
		4B8C21B62DA97E0F001D208E /* Products */ = {
			isa = PBXGroup;
			children = (
				4B8C21B52DA97E0F001D208E /* MoviesProject.app */,
				4B8C21C82DA97E10001D208E /* MoviesProjectTests.xctest */,
				4B8C21D22DA97E10001D208E /* MoviesProjectUITests.xctest */,
			);
			name = Products;
			sourceTree = "<group>";
		};
		4B8C22122DA994E2001D208E /* Frameworks */ = {
			isa = PBXGroup;
			children = (
			);
			name = Frameworks;
			sourceTree = "<group>";
		};
/* End PBXGroup section */

/* Begin PBXNativeTarget section */
		4B8C21B42DA97E0F001D208E /* MoviesProject */ = {
			isa = PBXNativeTarget;
			buildConfigurationList = 4B8C21DC2DA97E10001D208E /* Build configuration list for PBXNativeTarget "MoviesProject" */;
			buildPhases = (
				4B8C21B12DA97E0F001D208E /* Sources */,
				4B8C23AF2DAFF64E001D208E /* SwiftLint */,
				4B8C21B22DA97E0F001D208E /* Frameworks */,
				4B8C21B32DA97E0F001D208E /* Resources */,
			);
			buildRules = (
			);
			dependencies = (
			);
			fileSystemSynchronizedGroups = (
				4B8C21B72DA97E0F001D208E /* MoviesProject */,
			);
			name = MoviesProject;
			packageProductDependencies = (
				4B8C22CB2DAC09DE001D208E /* Kingfisher */,
			);
			productName = MoviesProject;
			productReference = 4B8C21B52DA97E0F001D208E /* MoviesProject.app */;
			productType = "com.apple.product-type.application";
		};
		4B8C21C72DA97E10001D208E /* MoviesProjectTests */ = {
			isa = PBXNativeTarget;
			buildConfigurationList = 4B8C21DF2DA97E10001D208E /* Build configuration list for PBXNativeTarget "MoviesProjectTests" */;
			buildPhases = (
				4B8C21C42DA97E10001D208E /* Sources */,
				4B8C21C52DA97E10001D208E /* Frameworks */,
				4B8C21C62DA97E10001D208E /* Resources */,
			);
			buildRules = (
			);
			dependencies = (
				4B8C21CA2DA97E10001D208E /* PBXTargetDependency */,
			);
			fileSystemSynchronizedGroups = (
				4B8C21CB2DA97E10001D208E /* MoviesProjectTests */,
			);
			name = MoviesProjectTests;
			packageProductDependencies = (
			);
			productName = MoviesProjectTests;
			productReference = 4B8C21C82DA97E10001D208E /* MoviesProjectTests.xctest */;
			productType = "com.apple.product-type.bundle.unit-test";
		};
		4B8C21D12DA97E10001D208E /* MoviesProjectUITests */ = {
			isa = PBXNativeTarget;
			buildConfigurationList = 4B8C21E22DA97E10001D208E /* Build configuration list for PBXNativeTarget "MoviesProjectUITests" */;
			buildPhases = (
				4B8C21CE2DA97E10001D208E /* Sources */,
				4B8C21CF2DA97E10001D208E /* Frameworks */,
				4B8C21D02DA97E10001D208E /* Resources */,
			);
			buildRules = (
			);
			dependencies = (
				4B8C21D42DA97E10001D208E /* PBXTargetDependency */,
			);
			fileSystemSynchronizedGroups = (
				4B8C21D52DA97E10001D208E /* MoviesProjectUITests */,
			);
			name = MoviesProjectUITests;
			packageProductDependencies = (
			);
			productName = MoviesProjectUITests;
			productReference = 4B8C21D22DA97E10001D208E /* MoviesProjectUITests.xctest */;
			productType = "com.apple.product-type.bundle.ui-testing";
		};
/* End PBXNativeTarget section */

/* Begin PBXProject section */
		4B8C21AD2DA97E0F001D208E /* Project object */ = {
			isa = PBXProject;
			attributes = {
				BuildIndependentTargetsInParallel = 1;
				LastSwiftUpdateCheck = 1600;
				LastUpgradeCheck = 1600;
				TargetAttributes = {
					4B8C21B42DA97E0F001D208E = {
						CreatedOnToolsVersion = 16.0;
					};
					4B8C21C72DA97E10001D208E = {
						CreatedOnToolsVersion = 16.0;
						TestTargetID = 4B8C21B42DA97E0F001D208E;
					};
					4B8C21D12DA97E10001D208E = {
						CreatedOnToolsVersion = 16.0;
						TestTargetID = 4B8C21B42DA97E0F001D208E;
					};
				};
			};
			buildConfigurationList = 4B8C21B02DA97E0F001D208E /* Build configuration list for PBXProject "MoviesProject" */;
			developmentRegion = en;
			hasScannedForEncodings = 0;
			knownRegions = (
				en,
				Base,
			);
			mainGroup = 4B8C21AC2DA97E0F001D208E;
			minimizedProjectReferenceProxies = 1;
			packageReferences = (
				4B8C22CA2DAC09B6001D208E /* XCRemoteSwiftPackageReference "Kingfisher" */,
				4B8C23AE2DAFF639001D208E /* XCRemoteSwiftPackageReference "SwiftLint" */,
			);
			preferredProjectObjectVersion = 77;
			productRefGroup = 4B8C21B62DA97E0F001D208E /* Products */;
			projectDirPath = "";
			projectRoot = "";
			targets = (
				4B8C21B42DA97E0F001D208E /* MoviesProject */,
				4B8C21C72DA97E10001D208E /* MoviesProjectTests */,
				4B8C21D12DA97E10001D208E /* MoviesProjectUITests */,
			);
		};
/* End PBXProject section */

/* Begin PBXResourcesBuildPhase section */
		4B8C21B32DA97E0F001D208E /* Resources */ = {
			isa = PBXResourcesBuildPhase;
			buildActionMask = 2147483647;
			files = (
				4B8C23B12DAFF6AD001D208E /* swiftlint.yml in Resources */,
			);
			runOnlyForDeploymentPostprocessing = 0;
		};
		4B8C21C62DA97E10001D208E /* Resources */ = {
			isa = PBXResourcesBuildPhase;
			buildActionMask = 2147483647;
			files = (
			);
			runOnlyForDeploymentPostprocessing = 0;
		};
		4B8C21D02DA97E10001D208E /* Resources */ = {
			isa = PBXResourcesBuildPhase;
			buildActionMask = 2147483647;
			files = (
			);
			runOnlyForDeploymentPostprocessing = 0;
		};
/* End PBXResourcesBuildPhase section */

/* Begin PBXShellScriptBuildPhase section */
		4B8C23AF2DAFF64E001D208E /* SwiftLint */ = {
			isa = PBXShellScriptBuildPhase;
			alwaysOutOfDate = 1;
			buildActionMask = 2147483647;
			files = (
			);
			inputFileListPaths = (
			);
			inputPaths = (
			);
			name = SwiftLint;
			outputFileListPaths = (
			);
			outputPaths = (
				$TEMP_DIR/swiftlint,
			);
			runOnlyForDeploymentPostprocessing = 0;
			shellPath = /bin/sh;
			shellScript = "if which swiftlint > /dev/null; then\n  swiftlint --config \"${SRCROOT}/.swiftlint.yml\" > \"$TEMP_DIR/swiftlint.log\"\nelse\n  echo \"⚠️ SwiftLint not installed. Download from https://github.com/realm/SwiftLint\"\nfi\n";
		};
/* End PBXShellScriptBuildPhase section */

/* Begin PBXSourcesBuildPhase section */
		4B8C21B12DA97E0F001D208E /* Sources */ = {
			isa = PBXSourcesBuildPhase;
			buildActionMask = 2147483647;
			files = (
			);
			runOnlyForDeploymentPostprocessing = 0;
		};
		4B8C21C42DA97E10001D208E /* Sources */ = {
			isa = PBXSourcesBuildPhase;
			buildActionMask = 2147483647;
			files = (
			);
			runOnlyForDeploymentPostprocessing = 0;
		};
		4B8C21CE2DA97E10001D208E /* Sources */ = {
			isa = PBXSourcesBuildPhase;
			buildActionMask = 2147483647;
			files = (
			);
			runOnlyForDeploymentPostprocessing = 0;
		};
/* End PBXSourcesBuildPhase section */

/* Begin PBXTargetDependency section */
		4B8C21CA2DA97E10001D208E /* PBXTargetDependency */ = {
			isa = PBXTargetDependency;
			target = 4B8C21B42DA97E0F001D208E /* MoviesProject */;
			targetProxy = 4B8C21C92DA97E10001D208E /* PBXContainerItemProxy */;
		};
		4B8C21D42DA97E10001D208E /* PBXTargetDependency */ = {
			isa = PBXTargetDependency;
			target = 4B8C21B42DA97E0F001D208E /* MoviesProject */;
			targetProxy = 4B8C21D32DA97E10001D208E /* PBXContainerItemProxy */;
		};
/* End PBXTargetDependency section */

/* Begin XCBuildConfiguration section */
		4B8C21DA2DA97E10001D208E /* DebugStaging */ = {
			isa = XCBuildConfiguration;
			buildSettings = {
				ALWAYS_SEARCH_USER_PATHS = NO;
				ASSETCATALOG_COMPILER_GENERATE_SWIFT_ASSET_SYMBOL_EXTENSIONS = YES;
				CLANG_ANALYZER_NONNULL = YES;
				CLANG_ANALYZER_NUMBER_OBJECT_CONVERSION = YES_AGGRESSIVE;
				CLANG_CXX_LANGUAGE_STANDARD = "gnu++20";
				CLANG_ENABLE_MODULES = YES;
				CLANG_ENABLE_OBJC_ARC = YES;
				CLANG_ENABLE_OBJC_WEAK = YES;
				CLANG_WARN_BLOCK_CAPTURE_AUTORELEASING = YES;
				CLANG_WARN_BOOL_CONVERSION = YES;
				CLANG_WARN_COMMA = YES;
				CLANG_WARN_CONSTANT_CONVERSION = YES;
				CLANG_WARN_DEPRECATED_OBJC_IMPLEMENTATIONS = YES;
				CLANG_WARN_DIRECT_OBJC_ISA_USAGE = YES_ERROR;
				CLANG_WARN_DOCUMENTATION_COMMENTS = YES;
				CLANG_WARN_EMPTY_BODY = YES;
				CLANG_WARN_ENUM_CONVERSION = YES;
				CLANG_WARN_INFINITE_RECURSION = YES;
				CLANG_WARN_INT_CONVERSION = YES;
				CLANG_WARN_NON_LITERAL_NULL_CONVERSION = YES;
				CLANG_WARN_OBJC_IMPLICIT_RETAIN_SELF = YES;
				CLANG_WARN_OBJC_LITERAL_CONVERSION = YES;
				CLANG_WARN_OBJC_ROOT_CLASS = YES_ERROR;
				CLANG_WARN_QUOTED_INCLUDE_IN_FRAMEWORK_HEADER = YES;
				CLANG_WARN_RANGE_LOOP_ANALYSIS = YES;
				CLANG_WARN_STRICT_PROTOTYPES = YES;
				CLANG_WARN_SUSPICIOUS_MOVE = YES;
				CLANG_WARN_UNGUARDED_AVAILABILITY = YES_AGGRESSIVE;
				CLANG_WARN_UNREACHABLE_CODE = YES;
				CLANG_WARN__DUPLICATE_METHOD_MATCH = YES;
				COPY_PHASE_STRIP = NO;
				DEBUG_INFORMATION_FORMAT = dwarf;
				ENABLE_STRICT_OBJC_MSGSEND = YES;
				ENABLE_TESTABILITY = YES;
				ENABLE_USER_SCRIPT_SANDBOXING = YES;
				GCC_C_LANGUAGE_STANDARD = gnu17;
				GCC_DYNAMIC_NO_PIC = NO;
				GCC_NO_COMMON_BLOCKS = YES;
				GCC_OPTIMIZATION_LEVEL = 0;
				GCC_PREPROCESSOR_DEFINITIONS = (
					"DEBUG=1",
					"$(inherited)",
				);
				GCC_WARN_64_TO_32_BIT_CONVERSION = YES;
				GCC_WARN_ABOUT_RETURN_TYPE = YES_ERROR;
				GCC_WARN_UNDECLARED_SELECTOR = YES;
				GCC_WARN_UNINITIALIZED_AUTOS = YES_AGGRESSIVE;
				GCC_WARN_UNUSED_FUNCTION = YES;
				GCC_WARN_UNUSED_VARIABLE = YES;
				LOCALIZATION_PREFERS_STRING_CATALOGS = YES;
				MTL_ENABLE_DEBUG_INFO = INCLUDE_SOURCE;
				MTL_FAST_MATH = YES;
				ONLY_ACTIVE_ARCH = YES;
				SWIFT_ACTIVE_COMPILATION_CONDITIONS = "DEBUG $(inherited)";
				SWIFT_EMIT_LOC_STRINGS = YES;
				SWIFT_OPTIMIZATION_LEVEL = "-Onone";
			};
			name = DebugStaging;
		};
		4B8C21DB2DA97E10001D208E /* ReleaseStaging */ = {
			isa = XCBuildConfiguration;
			buildSettings = {
				ALWAYS_SEARCH_USER_PATHS = NO;
				ASSETCATALOG_COMPILER_GENERATE_SWIFT_ASSET_SYMBOL_EXTENSIONS = YES;
				CLANG_ANALYZER_NONNULL = YES;
				CLANG_ANALYZER_NUMBER_OBJECT_CONVERSION = YES_AGGRESSIVE;
				CLANG_CXX_LANGUAGE_STANDARD = "gnu++20";
				CLANG_ENABLE_MODULES = YES;
				CLANG_ENABLE_OBJC_ARC = YES;
				CLANG_ENABLE_OBJC_WEAK = YES;
				CLANG_WARN_BLOCK_CAPTURE_AUTORELEASING = YES;
				CLANG_WARN_BOOL_CONVERSION = YES;
				CLANG_WARN_COMMA = YES;
				CLANG_WARN_CONSTANT_CONVERSION = YES;
				CLANG_WARN_DEPRECATED_OBJC_IMPLEMENTATIONS = YES;
				CLANG_WARN_DIRECT_OBJC_ISA_USAGE = YES_ERROR;
				CLANG_WARN_DOCUMENTATION_COMMENTS = YES;
				CLANG_WARN_EMPTY_BODY = YES;
				CLANG_WARN_ENUM_CONVERSION = YES;
				CLANG_WARN_INFINITE_RECURSION = YES;
				CLANG_WARN_INT_CONVERSION = YES;
				CLANG_WARN_NON_LITERAL_NULL_CONVERSION = YES;
				CLANG_WARN_OBJC_IMPLICIT_RETAIN_SELF = YES;
				CLANG_WARN_OBJC_LITERAL_CONVERSION = YES;
				CLANG_WARN_OBJC_ROOT_CLASS = YES_ERROR;
				CLANG_WARN_QUOTED_INCLUDE_IN_FRAMEWORK_HEADER = YES;
				CLANG_WARN_RANGE_LOOP_ANALYSIS = YES;
				CLANG_WARN_STRICT_PROTOTYPES = YES;
				CLANG_WARN_SUSPICIOUS_MOVE = YES;
				CLANG_WARN_UNGUARDED_AVAILABILITY = YES_AGGRESSIVE;
				CLANG_WARN_UNREACHABLE_CODE = YES;
				CLANG_WARN__DUPLICATE_METHOD_MATCH = YES;
				COPY_PHASE_STRIP = NO;
				DEBUG_INFORMATION_FORMAT = "dwarf-with-dsym";
				ENABLE_NS_ASSERTIONS = NO;
				ENABLE_STRICT_OBJC_MSGSEND = YES;
				ENABLE_USER_SCRIPT_SANDBOXING = YES;
				GCC_C_LANGUAGE_STANDARD = gnu17;
				GCC_NO_COMMON_BLOCKS = YES;
				GCC_WARN_64_TO_32_BIT_CONVERSION = YES;
				GCC_WARN_ABOUT_RETURN_TYPE = YES_ERROR;
				GCC_WARN_UNDECLARED_SELECTOR = YES;
				GCC_WARN_UNINITIALIZED_AUTOS = YES_AGGRESSIVE;
				GCC_WARN_UNUSED_FUNCTION = YES;
				GCC_WARN_UNUSED_VARIABLE = YES;
				LOCALIZATION_PREFERS_STRING_CATALOGS = YES;
				MTL_ENABLE_DEBUG_INFO = NO;
				MTL_FAST_MATH = YES;
				SWIFT_COMPILATION_MODE = wholemodule;
				SWIFT_EMIT_LOC_STRINGS = YES;
			};
			name = ReleaseStaging;
		};
		4B8C21DD2DA97E10001D208E /* DebugStaging */ = {
			isa = XCBuildConfiguration;
			baseConfigurationReferenceAnchor = 4B8C21B72DA97E0F001D208E /* MoviesProject */;
			baseConfigurationReferenceRelativePath = "Essentials/Configs/config-stag.xcconfig";
			buildSettings = {
				ACCESS_TOKEN = eyJhbGciOiJIUzI1NiJ9.eyJhdWQiOiJlM2YwZmM2Mjg2YjQzN2U4YzFlOTllZjE3NjZhOTI4MiIsIm5iZiI6MTc0NDM4ODE0Ni40MDQsInN1YiI6IjY3Zjk0MDMyMWJjNjM5NTY2YWRhMzc2YyIsInNjb3BlcyI6WyJhcGlfcmVhZCJdLCJ2ZXJzaW9uIjoxfQ.jR1L5Di2gghY6laCc7Ujq1caW2df7SlhCz7YWMUe7QA;
				API_KEY = e3f0fc6286b437e8c1e99ef1766a9282;
				APP_DISPLAY_NAME = MoviesStaging;
				ASSETCATALOG_COMPILER_APPICON_NAME = "AppIcon-Staging";
				ASSETCATALOG_COMPILER_GLOBAL_ACCENT_COLOR_NAME = AccentColor;
				BASE_URL = "https://api.themoviedb.org/";
				CODE_SIGN_ENTITLEMENTS = MoviesProject/MoviesProject.entitlements;
				CODE_SIGN_STYLE = Automatic;
				CURRENT_PROJECT_VERSION = 1;
				DEVELOPMENT_ASSET_PATHS = "\"MoviesProject/Preview Content\"";
				DEVELOPMENT_TEAM = MBQX496J7K;
				ENABLE_HARDENED_RUNTIME = YES;
				ENABLE_PREVIEWS = YES;
				GENERATE_INFOPLIST_FILE = YES;
				INFOPLIST_FILE = MoviesProject/Info.plist;
				INFOPLIST_KEY_CFBundleDisplayName = "$(APP_DISPLAY_NAME)";
				"INFOPLIST_KEY_UIApplicationSceneManifest_Generation[sdk=iphoneos*]" = YES;
				"INFOPLIST_KEY_UIApplicationSceneManifest_Generation[sdk=iphonesimulator*]" = YES;
				"INFOPLIST_KEY_UIApplicationSupportsIndirectInputEvents[sdk=iphoneos*]" = YES;
				"INFOPLIST_KEY_UIApplicationSupportsIndirectInputEvents[sdk=iphonesimulator*]" = YES;
				"INFOPLIST_KEY_UILaunchScreen_Generation[sdk=iphoneos*]" = YES;
				"INFOPLIST_KEY_UILaunchScreen_Generation[sdk=iphonesimulator*]" = YES;
				INFOPLIST_KEY_UILaunchStoryboardName = LaunchScreen;
				"INFOPLIST_KEY_UIStatusBarStyle[sdk=iphoneos*]" = UIStatusBarStyleDefault;
				"INFOPLIST_KEY_UIStatusBarStyle[sdk=iphonesimulator*]" = UIStatusBarStyleDefault;
				INFOPLIST_KEY_UISupportedInterfaceOrientations_iPad = "UIInterfaceOrientationPortrait UIInterfaceOrientationPortraitUpsideDown UIInterfaceOrientationLandscapeLeft UIInterfaceOrientationLandscapeRight";
				INFOPLIST_KEY_UISupportedInterfaceOrientations_iPhone = "UIInterfaceOrientationPortrait UIInterfaceOrientationLandscapeLeft UIInterfaceOrientationLandscapeRight";
				IPHONEOS_DEPLOYMENT_TARGET = 18.0;
				LD_RUNPATH_SEARCH_PATHS = "@executable_path/Frameworks";
				"LD_RUNPATH_SEARCH_PATHS[sdk=macosx*]" = "@executable_path/../Frameworks";
				MACOSX_DEPLOYMENT_TARGET = 14.0;
				MARKETING_VERSION = 1.0;
				PRODUCT_BUNDLE_IDENTIFIER = "com.ivan-velkov.MoviesProject.dev";
				PRODUCT_NAME = "$(TARGET_NAME)";
				SCHEME_NAME = DebugStaging;
				SDKROOT = auto;
				SUPPORTED_PLATFORMS = "iphoneos iphonesimulator macosx xros xrsimulator";
				SWIFT_EMIT_LOC_STRINGS = YES;
				SWIFT_VERSION = 5.0;
				TARGETED_DEVICE_FAMILY = "1,2,7";
				XROS_DEPLOYMENT_TARGET = 2.0;
			};
			name = DebugStaging;
		};
		4B8C21DE2DA97E10001D208E /* ReleaseStaging */ = {
			isa = XCBuildConfiguration;
			baseConfigurationReferenceAnchor = 4B8C21B72DA97E0F001D208E /* MoviesProject */;
			baseConfigurationReferenceRelativePath = "Essentials/Configs/config-stag.xcconfig";
			buildSettings = {
				ACCESS_TOKEN = eyJhbGciOiJIUzI1NiJ9.eyJhdWQiOiJlM2YwZmM2Mjg2YjQzN2U4YzFlOTllZjE3NjZhOTI4MiIsIm5iZiI6MTc0NDM4ODE0Ni40MDQsInN1YiI6IjY3Zjk0MDMyMWJjNjM5NTY2YWRhMzc2YyIsInNjb3BlcyI6WyJhcGlfcmVhZCJdLCJ2ZXJzaW9uIjoxfQ.jR1L5Di2gghY6laCc7Ujq1caW2df7SlhCz7YWMUe7QA;
				API_KEY = e3f0fc6286b437e8c1e99ef1766a9282;
				APP_DISPLAY_NAME = MoviesStaging;
				ASSETCATALOG_COMPILER_APPICON_NAME = "AppIcon-Staging";
				ASSETCATALOG_COMPILER_GLOBAL_ACCENT_COLOR_NAME = AccentColor;
				BASE_URL = "https://api.themoviedb.org/";
				CODE_SIGN_ENTITLEMENTS = MoviesProject/MoviesProject.entitlements;
				CODE_SIGN_STYLE = Automatic;
				CURRENT_PROJECT_VERSION = 1;
				DEVELOPMENT_ASSET_PATHS = "\"MoviesProject/Preview Content\"";
				DEVELOPMENT_TEAM = MBQX496J7K;
				ENABLE_HARDENED_RUNTIME = YES;
				ENABLE_PREVIEWS = YES;
				GENERATE_INFOPLIST_FILE = YES;
				INFOPLIST_FILE = MoviesProject/Info.plist;
				INFOPLIST_KEY_CFBundleDisplayName = "$(APP_DISPLAY_NAME)";
				"INFOPLIST_KEY_UIApplicationSceneManifest_Generation[sdk=iphoneos*]" = YES;
				"INFOPLIST_KEY_UIApplicationSceneManifest_Generation[sdk=iphonesimulator*]" = YES;
				"INFOPLIST_KEY_UIApplicationSupportsIndirectInputEvents[sdk=iphoneos*]" = YES;
				"INFOPLIST_KEY_UIApplicationSupportsIndirectInputEvents[sdk=iphonesimulator*]" = YES;
				"INFOPLIST_KEY_UILaunchScreen_Generation[sdk=iphoneos*]" = YES;
				"INFOPLIST_KEY_UILaunchScreen_Generation[sdk=iphonesimulator*]" = YES;
				INFOPLIST_KEY_UILaunchStoryboardName = LaunchScreen;
				"INFOPLIST_KEY_UIStatusBarStyle[sdk=iphoneos*]" = UIStatusBarStyleDefault;
				"INFOPLIST_KEY_UIStatusBarStyle[sdk=iphonesimulator*]" = UIStatusBarStyleDefault;
				INFOPLIST_KEY_UISupportedInterfaceOrientations_iPad = "UIInterfaceOrientationPortrait UIInterfaceOrientationPortraitUpsideDown UIInterfaceOrientationLandscapeLeft UIInterfaceOrientationLandscapeRight";
				INFOPLIST_KEY_UISupportedInterfaceOrientations_iPhone = "UIInterfaceOrientationPortrait UIInterfaceOrientationLandscapeLeft UIInterfaceOrientationLandscapeRight";
				IPHONEOS_DEPLOYMENT_TARGET = 18.0;
				LD_RUNPATH_SEARCH_PATHS = "@executable_path/Frameworks";
				"LD_RUNPATH_SEARCH_PATHS[sdk=macosx*]" = "@executable_path/../Frameworks";
				MACOSX_DEPLOYMENT_TARGET = 14.0;
				MARKETING_VERSION = 1.0;
				PRODUCT_BUNDLE_IDENTIFIER = "com.ivan-velkov.MoviesProject.dev";
				PRODUCT_NAME = "$(TARGET_NAME)";
				SCHEME_NAME = ReleaseStaging;
				SDKROOT = auto;
				SUPPORTED_PLATFORMS = "iphoneos iphonesimulator macosx xros xrsimulator";
				SWIFT_ACTIVE_COMPILATION_CONDITIONS = PRODUCTION;
				SWIFT_EMIT_LOC_STRINGS = YES;
				SWIFT_VERSION = 5.0;
				TARGETED_DEVICE_FAMILY = "1,2,7";
				XROS_DEPLOYMENT_TARGET = 2.0;
			};
			name = ReleaseStaging;
		};
		4B8C21E02DA97E10001D208E /* DebugStaging */ = {
			isa = XCBuildConfiguration;
			baseConfigurationReferenceAnchor = 4B8C21B72DA97E0F001D208E /* MoviesProject */;
			baseConfigurationReferenceRelativePath = "Essentials/Configs/config-stag.xcconfig";
			buildSettings = {
				BUNDLE_LOADER = "$(TEST_HOST)";
				CODE_SIGN_STYLE = Automatic;
				CURRENT_PROJECT_VERSION = 1;
				DEVELOPMENT_TEAM = MBQX496J7K;
				GENERATE_INFOPLIST_FILE = YES;
				IPHONEOS_DEPLOYMENT_TARGET = 18.0;
				MACOSX_DEPLOYMENT_TARGET = 15.0;
				MARKETING_VERSION = 1.0;
				PRODUCT_BUNDLE_IDENTIFIER = "com.ivan-velkov.MoviesProjectTests";
				PRODUCT_NAME = "$(TARGET_NAME)";
				SDKROOT = auto;
				SUPPORTED_PLATFORMS = "iphoneos iphonesimulator macosx xros xrsimulator";
				SWIFT_EMIT_LOC_STRINGS = NO;
				SWIFT_VERSION = 5.0;
				TARGETED_DEVICE_FAMILY = "1,2,7";
				TEST_HOST = "$(BUILT_PRODUCTS_DIR)/MoviesProject.app/$(BUNDLE_EXECUTABLE_FOLDER_PATH)/MoviesProject";
				XROS_DEPLOYMENT_TARGET = 2.0;
			};
			name = DebugStaging;
		};
		4B8C21E12DA97E10001D208E /* ReleaseStaging */ = {
			isa = XCBuildConfiguration;
			baseConfigurationReferenceAnchor = 4B8C21B72DA97E0F001D208E /* MoviesProject */;
			baseConfigurationReferenceRelativePath = "Essentials/Configs/config-stag.xcconfig";
			buildSettings = {
				BUNDLE_LOADER = "$(TEST_HOST)";
				CODE_SIGN_STYLE = Automatic;
				CURRENT_PROJECT_VERSION = 1;
				DEVELOPMENT_TEAM = MBQX496J7K;
				GENERATE_INFOPLIST_FILE = YES;
				IPHONEOS_DEPLOYMENT_TARGET = 18.0;
				MACOSX_DEPLOYMENT_TARGET = 15.0;
				MARKETING_VERSION = 1.0;
				PRODUCT_BUNDLE_IDENTIFIER = "com.ivan-velkov.MoviesProjectTests";
				PRODUCT_NAME = "$(TARGET_NAME)";
				SDKROOT = auto;
				SUPPORTED_PLATFORMS = "iphoneos iphonesimulator macosx xros xrsimulator";
				SWIFT_EMIT_LOC_STRINGS = NO;
				SWIFT_VERSION = 5.0;
				TARGETED_DEVICE_FAMILY = "1,2,7";
				TEST_HOST = "$(BUILT_PRODUCTS_DIR)/MoviesProject.app/$(BUNDLE_EXECUTABLE_FOLDER_PATH)/MoviesProject";
				XROS_DEPLOYMENT_TARGET = 2.0;
			};
			name = ReleaseStaging;
		};
		4B8C21E32DA97E10001D208E /* DebugStaging */ = {
			isa = XCBuildConfiguration;
			buildSettings = {
				CODE_SIGN_STYLE = Automatic;
				CURRENT_PROJECT_VERSION = 1;
				DEVELOPMENT_TEAM = MBQX496J7K;
				GENERATE_INFOPLIST_FILE = YES;
				IPHONEOS_DEPLOYMENT_TARGET = 18.0;
				MACOSX_DEPLOYMENT_TARGET = 15.0;
				MARKETING_VERSION = 1.0;
				PRODUCT_BUNDLE_IDENTIFIER = "com.ivan-velkov.MoviesProjectUITests";
				PRODUCT_NAME = "$(TARGET_NAME)";
				SDKROOT = auto;
				SUPPORTED_PLATFORMS = "iphoneos iphonesimulator macosx xros xrsimulator";
				SWIFT_EMIT_LOC_STRINGS = NO;
				SWIFT_VERSION = 5.0;
				TARGETED_DEVICE_FAMILY = "1,2,7";
				TEST_TARGET_NAME = MoviesProject;
				XROS_DEPLOYMENT_TARGET = 2.0;
			};
			name = DebugStaging;
		};
		4B8C21E42DA97E10001D208E /* ReleaseStaging */ = {
			isa = XCBuildConfiguration;
			buildSettings = {
				CODE_SIGN_STYLE = Automatic;
				CURRENT_PROJECT_VERSION = 1;
				DEVELOPMENT_TEAM = MBQX496J7K;
				GENERATE_INFOPLIST_FILE = YES;
				IPHONEOS_DEPLOYMENT_TARGET = 18.0;
				MACOSX_DEPLOYMENT_TARGET = 15.0;
				MARKETING_VERSION = 1.0;
				PRODUCT_BUNDLE_IDENTIFIER = "com.ivan-velkov.MoviesProjectUITests";
				PRODUCT_NAME = "$(TARGET_NAME)";
				SDKROOT = auto;
				SUPPORTED_PLATFORMS = "iphoneos iphonesimulator macosx xros xrsimulator";
				SWIFT_EMIT_LOC_STRINGS = NO;
				SWIFT_VERSION = 5.0;
				TARGETED_DEVICE_FAMILY = "1,2,7";
				TEST_TARGET_NAME = MoviesProject;
				XROS_DEPLOYMENT_TARGET = 2.0;
			};
			name = ReleaseStaging;
		};
		4B8C22322DAA7DC9001D208E /* DebugProduction */ = {
			isa = XCBuildConfiguration;
			buildSettings = {
				ALWAYS_SEARCH_USER_PATHS = NO;
				ASSETCATALOG_COMPILER_GENERATE_SWIFT_ASSET_SYMBOL_EXTENSIONS = YES;
				CLANG_ANALYZER_NONNULL = YES;
				CLANG_ANALYZER_NUMBER_OBJECT_CONVERSION = YES_AGGRESSIVE;
				CLANG_CXX_LANGUAGE_STANDARD = "gnu++20";
				CLANG_ENABLE_MODULES = YES;
				CLANG_ENABLE_OBJC_ARC = YES;
				CLANG_ENABLE_OBJC_WEAK = YES;
				CLANG_WARN_BLOCK_CAPTURE_AUTORELEASING = YES;
				CLANG_WARN_BOOL_CONVERSION = YES;
				CLANG_WARN_COMMA = YES;
				CLANG_WARN_CONSTANT_CONVERSION = YES;
				CLANG_WARN_DEPRECATED_OBJC_IMPLEMENTATIONS = YES;
				CLANG_WARN_DIRECT_OBJC_ISA_USAGE = YES_ERROR;
				CLANG_WARN_DOCUMENTATION_COMMENTS = YES;
				CLANG_WARN_EMPTY_BODY = YES;
				CLANG_WARN_ENUM_CONVERSION = YES;
				CLANG_WARN_INFINITE_RECURSION = YES;
				CLANG_WARN_INT_CONVERSION = YES;
				CLANG_WARN_NON_LITERAL_NULL_CONVERSION = YES;
				CLANG_WARN_OBJC_IMPLICIT_RETAIN_SELF = YES;
				CLANG_WARN_OBJC_LITERAL_CONVERSION = YES;
				CLANG_WARN_OBJC_ROOT_CLASS = YES_ERROR;
				CLANG_WARN_QUOTED_INCLUDE_IN_FRAMEWORK_HEADER = YES;
				CLANG_WARN_RANGE_LOOP_ANALYSIS = YES;
				CLANG_WARN_STRICT_PROTOTYPES = YES;
				CLANG_WARN_SUSPICIOUS_MOVE = YES;
				CLANG_WARN_UNGUARDED_AVAILABILITY = YES_AGGRESSIVE;
				CLANG_WARN_UNREACHABLE_CODE = YES;
				CLANG_WARN__DUPLICATE_METHOD_MATCH = YES;
				COPY_PHASE_STRIP = NO;
				DEBUG_INFORMATION_FORMAT = dwarf;
				ENABLE_STRICT_OBJC_MSGSEND = YES;
				ENABLE_TESTABILITY = YES;
				ENABLE_USER_SCRIPT_SANDBOXING = YES;
				GCC_C_LANGUAGE_STANDARD = gnu17;
				GCC_DYNAMIC_NO_PIC = NO;
				GCC_NO_COMMON_BLOCKS = YES;
				GCC_OPTIMIZATION_LEVEL = 0;
				GCC_PREPROCESSOR_DEFINITIONS = (
					"DEBUG=1",
					"$(inherited)",
				);
				GCC_WARN_64_TO_32_BIT_CONVERSION = YES;
				GCC_WARN_ABOUT_RETURN_TYPE = YES_ERROR;
				GCC_WARN_UNDECLARED_SELECTOR = YES;
				GCC_WARN_UNINITIALIZED_AUTOS = YES_AGGRESSIVE;
				GCC_WARN_UNUSED_FUNCTION = YES;
				GCC_WARN_UNUSED_VARIABLE = YES;
				LOCALIZATION_PREFERS_STRING_CATALOGS = YES;
				MTL_ENABLE_DEBUG_INFO = INCLUDE_SOURCE;
				MTL_FAST_MATH = YES;
				ONLY_ACTIVE_ARCH = YES;
				SWIFT_ACTIVE_COMPILATION_CONDITIONS = "DEBUG $(inherited)";
				SWIFT_EMIT_LOC_STRINGS = YES;
				SWIFT_OPTIMIZATION_LEVEL = "-Onone";
			};
			name = DebugProduction;
		};
		4B8C22332DAA7DC9001D208E /* DebugProduction */ = {
			isa = XCBuildConfiguration;
			baseConfigurationReferenceAnchor = 4B8C21B72DA97E0F001D208E /* MoviesProject */;
			baseConfigurationReferenceRelativePath = "Essentials/Configs/config-prod.xcconfig";
			buildSettings = {
				ACCESS_TOKEN = eyJhbGciOiJIUzI1NiJ9.eyJhdWQiOiJlM2YwZmM2Mjg2YjQzN2U4YzFlOTllZjE3NjZhOTI4MiIsIm5iZiI6MTc0NDM4ODE0Ni40MDQsInN1YiI6IjY3Zjk0MDMyMWJjNjM5NTY2YWRhMzc2YyIsInNjb3BlcyI6WyJhcGlfcmVhZCJdLCJ2ZXJzaW9uIjoxfQ.jR1L5Di2gghY6laCc7Ujq1caW2df7SlhCz7YWMUe7QA;
				API_KEY = e3f0fc6286b437e8c1e99ef1766a9282;
				APP_DISPLAY_NAME = MoviesPJ;
				ASSETCATALOG_COMPILER_APPICON_NAME = AppIcon;
				ASSETCATALOG_COMPILER_GLOBAL_ACCENT_COLOR_NAME = AccentColor;
				BASE_URL = "https://api.themoviedb.org/";
				CODE_SIGN_ENTITLEMENTS = MoviesProject/MoviesProject.entitlements;
				CODE_SIGN_STYLE = Automatic;
				CURRENT_PROJECT_VERSION = 1;
				DEVELOPMENT_ASSET_PATHS = "\"MoviesProject/Preview Content\"";
				DEVELOPMENT_TEAM = MBQX496J7K;
				ENABLE_HARDENED_RUNTIME = YES;
				ENABLE_PREVIEWS = YES;
				GENERATE_INFOPLIST_FILE = YES;
				INFOPLIST_FILE = MoviesProject/Info.plist;
				INFOPLIST_KEY_CFBundleDisplayName = "$(APP_DISPLAY_NAME)";
				"INFOPLIST_KEY_UIApplicationSceneManifest_Generation[sdk=iphoneos*]" = YES;
				"INFOPLIST_KEY_UIApplicationSceneManifest_Generation[sdk=iphonesimulator*]" = YES;
				"INFOPLIST_KEY_UIApplicationSupportsIndirectInputEvents[sdk=iphoneos*]" = YES;
				"INFOPLIST_KEY_UIApplicationSupportsIndirectInputEvents[sdk=iphonesimulator*]" = YES;
				"INFOPLIST_KEY_UILaunchScreen_Generation[sdk=iphoneos*]" = YES;
				"INFOPLIST_KEY_UILaunchScreen_Generation[sdk=iphonesimulator*]" = YES;
				INFOPLIST_KEY_UILaunchStoryboardName = LaunchScreen;
				"INFOPLIST_KEY_UIStatusBarStyle[sdk=iphoneos*]" = UIStatusBarStyleDefault;
				"INFOPLIST_KEY_UIStatusBarStyle[sdk=iphonesimulator*]" = UIStatusBarStyleDefault;
				INFOPLIST_KEY_UISupportedInterfaceOrientations_iPad = "UIInterfaceOrientationPortrait UIInterfaceOrientationPortraitUpsideDown UIInterfaceOrientationLandscapeLeft UIInterfaceOrientationLandscapeRight";
				INFOPLIST_KEY_UISupportedInterfaceOrientations_iPhone = "UIInterfaceOrientationPortrait UIInterfaceOrientationLandscapeLeft UIInterfaceOrientationLandscapeRight";
				IPHONEOS_DEPLOYMENT_TARGET = 18.0;
				LD_RUNPATH_SEARCH_PATHS = "@executable_path/Frameworks";
				"LD_RUNPATH_SEARCH_PATHS[sdk=macosx*]" = "@executable_path/../Frameworks";
				MACOSX_DEPLOYMENT_TARGET = 14.0;
				MARKETING_VERSION = 1.0;
				PRODUCT_BUNDLE_IDENTIFIER = "com.ivan-velkov.MoviesProject";
				PRODUCT_NAME = "$(TARGET_NAME)";
				SCHEME_NAME = DebugProduction;
				SDKROOT = auto;
				SUPPORTED_PLATFORMS = "iphoneos iphonesimulator macosx xros xrsimulator";
				SWIFT_EMIT_LOC_STRINGS = YES;
				SWIFT_VERSION = 5.0;
				TARGETED_DEVICE_FAMILY = "1,2,7";
				XROS_DEPLOYMENT_TARGET = 2.0;
			};
			name = DebugProduction;
		};
		4B8C22342DAA7DC9001D208E /* DebugProduction */ = {
			isa = XCBuildConfiguration;
			baseConfigurationReferenceAnchor = 4B8C21B72DA97E0F001D208E /* MoviesProject */;
			baseConfigurationReferenceRelativePath = "Essentials/Configs/config-prod.xcconfig";
			buildSettings = {
				BUNDLE_LOADER = "$(TEST_HOST)";
				CODE_SIGN_STYLE = Automatic;
				CURRENT_PROJECT_VERSION = 1;
				DEVELOPMENT_TEAM = MBQX496J7K;
				GENERATE_INFOPLIST_FILE = YES;
				IPHONEOS_DEPLOYMENT_TARGET = 18.0;
				MACOSX_DEPLOYMENT_TARGET = 15.0;
				MARKETING_VERSION = 1.0;
				PRODUCT_BUNDLE_IDENTIFIER = "com.ivan-velkov.MoviesProjectTests";
				PRODUCT_NAME = "$(TARGET_NAME)";
				SDKROOT = auto;
				SUPPORTED_PLATFORMS = "iphoneos iphonesimulator macosx xros xrsimulator";
				SWIFT_EMIT_LOC_STRINGS = NO;
				SWIFT_VERSION = 5.0;
				TARGETED_DEVICE_FAMILY = "1,2,7";
				TEST_HOST = "$(BUILT_PRODUCTS_DIR)/MoviesProject.app/$(BUNDLE_EXECUTABLE_FOLDER_PATH)/MoviesProject";
				XROS_DEPLOYMENT_TARGET = 2.0;
			};
			name = DebugProduction;
		};
		4B8C22352DAA7DC9001D208E /* DebugProduction */ = {
			isa = XCBuildConfiguration;
			buildSettings = {
				CODE_SIGN_STYLE = Automatic;
				CURRENT_PROJECT_VERSION = 1;
				DEVELOPMENT_TEAM = MBQX496J7K;
				GENERATE_INFOPLIST_FILE = YES;
				IPHONEOS_DEPLOYMENT_TARGET = 18.0;
				MACOSX_DEPLOYMENT_TARGET = 15.0;
				MARKETING_VERSION = 1.0;
				PRODUCT_BUNDLE_IDENTIFIER = "com.ivan-velkov.MoviesProjectUITests";
				PRODUCT_NAME = "$(TARGET_NAME)";
				SDKROOT = auto;
				SUPPORTED_PLATFORMS = "iphoneos iphonesimulator macosx xros xrsimulator";
				SWIFT_EMIT_LOC_STRINGS = NO;
				SWIFT_VERSION = 5.0;
				TARGETED_DEVICE_FAMILY = "1,2,7";
				TEST_TARGET_NAME = MoviesProject;
				XROS_DEPLOYMENT_TARGET = 2.0;
			};
			name = DebugProduction;
		};
		4B8C22362DAA7DD2001D208E /* ReleaseProduction */ = {
			isa = XCBuildConfiguration;
			buildSettings = {
				ALWAYS_SEARCH_USER_PATHS = NO;
				ASSETCATALOG_COMPILER_GENERATE_SWIFT_ASSET_SYMBOL_EXTENSIONS = YES;
				CLANG_ANALYZER_NONNULL = YES;
				CLANG_ANALYZER_NUMBER_OBJECT_CONVERSION = YES_AGGRESSIVE;
				CLANG_CXX_LANGUAGE_STANDARD = "gnu++20";
				CLANG_ENABLE_MODULES = YES;
				CLANG_ENABLE_OBJC_ARC = YES;
				CLANG_ENABLE_OBJC_WEAK = YES;
				CLANG_WARN_BLOCK_CAPTURE_AUTORELEASING = YES;
				CLANG_WARN_BOOL_CONVERSION = YES;
				CLANG_WARN_COMMA = YES;
				CLANG_WARN_CONSTANT_CONVERSION = YES;
				CLANG_WARN_DEPRECATED_OBJC_IMPLEMENTATIONS = YES;
				CLANG_WARN_DIRECT_OBJC_ISA_USAGE = YES_ERROR;
				CLANG_WARN_DOCUMENTATION_COMMENTS = YES;
				CLANG_WARN_EMPTY_BODY = YES;
				CLANG_WARN_ENUM_CONVERSION = YES;
				CLANG_WARN_INFINITE_RECURSION = YES;
				CLANG_WARN_INT_CONVERSION = YES;
				CLANG_WARN_NON_LITERAL_NULL_CONVERSION = YES;
				CLANG_WARN_OBJC_IMPLICIT_RETAIN_SELF = YES;
				CLANG_WARN_OBJC_LITERAL_CONVERSION = YES;
				CLANG_WARN_OBJC_ROOT_CLASS = YES_ERROR;
				CLANG_WARN_QUOTED_INCLUDE_IN_FRAMEWORK_HEADER = YES;
				CLANG_WARN_RANGE_LOOP_ANALYSIS = YES;
				CLANG_WARN_STRICT_PROTOTYPES = YES;
				CLANG_WARN_SUSPICIOUS_MOVE = YES;
				CLANG_WARN_UNGUARDED_AVAILABILITY = YES_AGGRESSIVE;
				CLANG_WARN_UNREACHABLE_CODE = YES;
				CLANG_WARN__DUPLICATE_METHOD_MATCH = YES;
				COPY_PHASE_STRIP = NO;
				DEBUG_INFORMATION_FORMAT = "dwarf-with-dsym";
				ENABLE_NS_ASSERTIONS = NO;
				ENABLE_STRICT_OBJC_MSGSEND = YES;
				ENABLE_USER_SCRIPT_SANDBOXING = YES;
				GCC_C_LANGUAGE_STANDARD = gnu17;
				GCC_NO_COMMON_BLOCKS = YES;
				GCC_WARN_64_TO_32_BIT_CONVERSION = YES;
				GCC_WARN_ABOUT_RETURN_TYPE = YES_ERROR;
				GCC_WARN_UNDECLARED_SELECTOR = YES;
				GCC_WARN_UNINITIALIZED_AUTOS = YES_AGGRESSIVE;
				GCC_WARN_UNUSED_FUNCTION = YES;
				GCC_WARN_UNUSED_VARIABLE = YES;
				LOCALIZATION_PREFERS_STRING_CATALOGS = YES;
				MTL_ENABLE_DEBUG_INFO = NO;
				MTL_FAST_MATH = YES;
				SWIFT_COMPILATION_MODE = wholemodule;
				SWIFT_EMIT_LOC_STRINGS = YES;
			};
			name = ReleaseProduction;
		};
		4B8C22372DAA7DD2001D208E /* ReleaseProduction */ = {
			isa = XCBuildConfiguration;
			baseConfigurationReferenceAnchor = 4B8C21B72DA97E0F001D208E /* MoviesProject */;
			baseConfigurationReferenceRelativePath = "Essentials/Configs/config-prod.xcconfig";
			buildSettings = {
				ACCESS_TOKEN = eyJhbGciOiJIUzI1NiJ9.eyJhdWQiOiJlM2YwZmM2Mjg2YjQzN2U4YzFlOTllZjE3NjZhOTI4MiIsIm5iZiI6MTc0NDM4ODE0Ni40MDQsInN1YiI6IjY3Zjk0MDMyMWJjNjM5NTY2YWRhMzc2YyIsInNjb3BlcyI6WyJhcGlfcmVhZCJdLCJ2ZXJzaW9uIjoxfQ.jR1L5Di2gghY6laCc7Ujq1caW2df7SlhCz7YWMUe7QA;
				API_KEY = e3f0fc6286b437e8c1e99ef1766a9282;
				APP_DISPLAY_NAME = MoviesPJ;
				ASSETCATALOG_COMPILER_APPICON_NAME = AppIcon;
				ASSETCATALOG_COMPILER_GLOBAL_ACCENT_COLOR_NAME = AccentColor;
				BASE_URL = "https://api.themoviedb.org/";
				CODE_SIGN_ENTITLEMENTS = MoviesProject/MoviesProject.entitlements;
				CODE_SIGN_STYLE = Automatic;
				CURRENT_PROJECT_VERSION = 1;
				DEVELOPMENT_ASSET_PATHS = "\"MoviesProject/Preview Content\"";
				DEVELOPMENT_TEAM = MBQX496J7K;
				ENABLE_HARDENED_RUNTIME = YES;
				ENABLE_PREVIEWS = YES;
				GENERATE_INFOPLIST_FILE = YES;
				INFOPLIST_FILE = MoviesProject/Info.plist;
				INFOPLIST_KEY_CFBundleDisplayName = "$(APP_DISPLAY_NAME)";
				"INFOPLIST_KEY_UIApplicationSceneManifest_Generation[sdk=iphoneos*]" = YES;
				"INFOPLIST_KEY_UIApplicationSceneManifest_Generation[sdk=iphonesimulator*]" = YES;
				"INFOPLIST_KEY_UIApplicationSupportsIndirectInputEvents[sdk=iphoneos*]" = YES;
				"INFOPLIST_KEY_UIApplicationSupportsIndirectInputEvents[sdk=iphonesimulator*]" = YES;
				"INFOPLIST_KEY_UILaunchScreen_Generation[sdk=iphoneos*]" = YES;
				"INFOPLIST_KEY_UILaunchScreen_Generation[sdk=iphonesimulator*]" = YES;
				INFOPLIST_KEY_UILaunchStoryboardName = LaunchScreen;
				"INFOPLIST_KEY_UIStatusBarStyle[sdk=iphoneos*]" = UIStatusBarStyleDefault;
				"INFOPLIST_KEY_UIStatusBarStyle[sdk=iphonesimulator*]" = UIStatusBarStyleDefault;
				INFOPLIST_KEY_UISupportedInterfaceOrientations_iPad = "UIInterfaceOrientationPortrait UIInterfaceOrientationPortraitUpsideDown UIInterfaceOrientationLandscapeLeft UIInterfaceOrientationLandscapeRight";
				INFOPLIST_KEY_UISupportedInterfaceOrientations_iPhone = "UIInterfaceOrientationPortrait UIInterfaceOrientationLandscapeLeft UIInterfaceOrientationLandscapeRight";
				IPHONEOS_DEPLOYMENT_TARGET = 18.0;
				LD_RUNPATH_SEARCH_PATHS = "@executable_path/Frameworks";
				"LD_RUNPATH_SEARCH_PATHS[sdk=macosx*]" = "@executable_path/../Frameworks";
				MACOSX_DEPLOYMENT_TARGET = 14.0;
				MARKETING_VERSION = 1.0;
				PRODUCT_BUNDLE_IDENTIFIER = "com.ivan-velkov.MoviesProject";
				PRODUCT_NAME = "$(TARGET_NAME)";
				SCHEME_NAME = ReleaseProduction;
				SDKROOT = auto;
				SUPPORTED_PLATFORMS = "iphoneos iphonesimulator macosx xros xrsimulator";
				SWIFT_ACTIVE_COMPILATION_CONDITIONS = PRODUCTION;
				SWIFT_EMIT_LOC_STRINGS = YES;
				SWIFT_VERSION = 5.0;
				TARGETED_DEVICE_FAMILY = "1,2,7";
				XROS_DEPLOYMENT_TARGET = 2.0;
			};
			name = ReleaseProduction;
		};
		4B8C22382DAA7DD2001D208E /* ReleaseProduction */ = {
			isa = XCBuildConfiguration;
			baseConfigurationReferenceAnchor = 4B8C21B72DA97E0F001D208E /* MoviesProject */;
			baseConfigurationReferenceRelativePath = "Essentials/Configs/config-prod.xcconfig";
			buildSettings = {
				BUNDLE_LOADER = "$(TEST_HOST)";
				CODE_SIGN_STYLE = Automatic;
				CURRENT_PROJECT_VERSION = 1;
				DEVELOPMENT_TEAM = MBQX496J7K;
				GENERATE_INFOPLIST_FILE = YES;
				IPHONEOS_DEPLOYMENT_TARGET = 18.0;
				MACOSX_DEPLOYMENT_TARGET = 15.0;
				MARKETING_VERSION = 1.0;
				PRODUCT_BUNDLE_IDENTIFIER = "com.ivan-velkov.MoviesProjectTests";
				PRODUCT_NAME = "$(TARGET_NAME)";
				SDKROOT = auto;
				SUPPORTED_PLATFORMS = "iphoneos iphonesimulator macosx xros xrsimulator";
				SWIFT_EMIT_LOC_STRINGS = NO;
				SWIFT_VERSION = 5.0;
				TARGETED_DEVICE_FAMILY = "1,2,7";
				TEST_HOST = "$(BUILT_PRODUCTS_DIR)/MoviesProject.app/$(BUNDLE_EXECUTABLE_FOLDER_PATH)/MoviesProject";
				XROS_DEPLOYMENT_TARGET = 2.0;
			};
			name = ReleaseProduction;
		};
		4B8C22392DAA7DD2001D208E /* ReleaseProduction */ = {
			isa = XCBuildConfiguration;
			buildSettings = {
				CODE_SIGN_STYLE = Automatic;
				CURRENT_PROJECT_VERSION = 1;
				DEVELOPMENT_TEAM = MBQX496J7K;
				GENERATE_INFOPLIST_FILE = YES;
				IPHONEOS_DEPLOYMENT_TARGET = 18.0;
				MACOSX_DEPLOYMENT_TARGET = 15.0;
				MARKETING_VERSION = 1.0;
				PRODUCT_BUNDLE_IDENTIFIER = "com.ivan-velkov.MoviesProjectUITests";
				PRODUCT_NAME = "$(TARGET_NAME)";
				SDKROOT = auto;
				SUPPORTED_PLATFORMS = "iphoneos iphonesimulator macosx xros xrsimulator";
				SWIFT_EMIT_LOC_STRINGS = NO;
				SWIFT_VERSION = 5.0;
				TARGETED_DEVICE_FAMILY = "1,2,7";
				TEST_TARGET_NAME = MoviesProject;
				XROS_DEPLOYMENT_TARGET = 2.0;
			};
			name = ReleaseProduction;
		};
/* End XCBuildConfiguration section */

/* Begin XCConfigurationList section */
		4B8C21B02DA97E0F001D208E /* Build configuration list for PBXProject "MoviesProject" */ = {
			isa = XCConfigurationList;
			buildConfigurations = (
				4B8C21DA2DA97E10001D208E /* DebugStaging */,
				4B8C22322DAA7DC9001D208E /* DebugProduction */,
				4B8C21DB2DA97E10001D208E /* ReleaseStaging */,
				4B8C22362DAA7DD2001D208E /* ReleaseProduction */,
			);
			defaultConfigurationIsVisible = 0;
			defaultConfigurationName = DebugStaging;
		};
		4B8C21DC2DA97E10001D208E /* Build configuration list for PBXNativeTarget "MoviesProject" */ = {
			isa = XCConfigurationList;
			buildConfigurations = (
				4B8C21DD2DA97E10001D208E /* DebugStaging */,
				4B8C22332DAA7DC9001D208E /* DebugProduction */,
				4B8C21DE2DA97E10001D208E /* ReleaseStaging */,
				4B8C22372DAA7DD2001D208E /* ReleaseProduction */,
			);
			defaultConfigurationIsVisible = 0;
			defaultConfigurationName = DebugStaging;
		};
		4B8C21DF2DA97E10001D208E /* Build configuration list for PBXNativeTarget "MoviesProjectTests" */ = {
			isa = XCConfigurationList;
			buildConfigurations = (
				4B8C21E02DA97E10001D208E /* DebugStaging */,
				4B8C22342DAA7DC9001D208E /* DebugProduction */,
				4B8C21E12DA97E10001D208E /* ReleaseStaging */,
				4B8C22382DAA7DD2001D208E /* ReleaseProduction */,
			);
			defaultConfigurationIsVisible = 0;
			defaultConfigurationName = DebugStaging;
		};
		4B8C21E22DA97E10001D208E /* Build configuration list for PBXNativeTarget "MoviesProjectUITests" */ = {
			isa = XCConfigurationList;
			buildConfigurations = (
				4B8C21E32DA97E10001D208E /* DebugStaging */,
				4B8C22352DAA7DC9001D208E /* DebugProduction */,
				4B8C21E42DA97E10001D208E /* ReleaseStaging */,
				4B8C22392DAA7DD2001D208E /* ReleaseProduction */,
			);
			defaultConfigurationIsVisible = 0;
			defaultConfigurationName = DebugStaging;
		};
/* End XCConfigurationList section */

/* Begin XCRemoteSwiftPackageReference section */
		4B8C22CA2DAC09B6001D208E /* XCRemoteSwiftPackageReference "Kingfisher" */ = {
			isa = XCRemoteSwiftPackageReference;
			repositoryURL = "https://github.com/onevcat/Kingfisher";
			requirement = {
				kind = upToNextMajorVersion;
				minimumVersion = 8.3.2;
			};
		};
		4B8C23AE2DAFF639001D208E /* XCRemoteSwiftPackageReference "SwiftLint" */ = {
			isa = XCRemoteSwiftPackageReference;
			repositoryURL = "https://github.com/realm/SwiftLint";
			requirement = {
				kind = upToNextMajorVersion;
				minimumVersion = 0.59.1;
			};
		};
/* End XCRemoteSwiftPackageReference section */

/* Begin XCSwiftPackageProductDependency section */
		4B8C22CB2DAC09DE001D208E /* Kingfisher */ = {
			isa = XCSwiftPackageProductDependency;
			package = 4B8C22CA2DAC09B6001D208E /* XCRemoteSwiftPackageReference "Kingfisher" */;
			productName = Kingfisher;
		};
/* End XCSwiftPackageProductDependency section */
	};
	rootObject = 4B8C21AD2DA97E0F001D208E /* Project object */;
}
